
Microsoft Visual Studio Solution File, Format Version 12.00
# Visual Studio Version 17
VisualStudioVersion = 17.4.33213.308
MinimumVisualStudioVersion = 10.0.40219.1
Project("{FAE04EC0-301F-11D3-BF4B-00C04F79EFBC}") = "Ontap_NET104", "Ontap_NET104\Ontap_NET104.csproj", "{0B564F42-1196-4111-A435-0255769927CD}"
EndProject
Global
	GlobalSection(SolutionConfigurationPlatforms) = preSolution
		Debug|Any CPU = Debug|Any CPU
		Release|Any CPU = Release|Any CPU
	EndGlobalSection
	GlobalSection(ProjectConfigurationPlatforms) = postSolution
		{0B564F42-1196-4111-A435-0255769927CD}.Debug|Any CPU.ActiveCfg = Debug|Any CPU
		{0B564F42-1196-4111-A435-0255769927CD}.Debug|Any CPU.Build.0 = Debug|Any CPU
		{0B564F42-1196-4111-A435-0255769927CD}.Release|Any CPU.ActiveCfg = Release|Any CPU
		{0B564F42-1196-4111-A435-0255769927CD}.Release|Any CPU.Build.0 = Release|Any CPU
	EndGlobalSection
	GlobalSection(SolutionProperties) = preSolution
		HideSolutionNode = FALSE
	EndGlobalSection
	GlobalSection(ExtensibilityGlobals) = postSolution
		SolutionGuid = {F6647694-0689-4DCC-8AE9-D2FE10F7213D}
	EndGlobalSection
EndGlobal
